
Microsoft Visual Studio Solution File, Format Version 12.00
# Visual Studio Version 17
VisualStudioVersion = 17.4.33213.308
MinimumVisualStudioVersion = 10.0.40219.1
Project("{FAE04EC0-301F-11D3-BF4B-00C04F79EFBC}") = "ApiTiendaMascotas", "ApiTiendaMascotas\ApiTiendaMascotas.csproj", "{1323FC15-BF9D-45CE-B5DC-CE4A2DEFE37F}"
EndProject
Global
	GlobalSection(SolutionConfigurationPlatforms) = preSolution
		Debug|Any CPU = Debug|Any CPU
		Release|Any CPU = Release|Any CPU
	EndGlobalSection
	GlobalSection(ProjectConfigurationPlatforms) = postSolution
		{1323FC15-BF9D-45CE-B5DC-CE4A2DEFE37F}.Debug|Any CPU.ActiveCfg = Debug|Any CPU
		{1323FC15-BF9D-45CE-B5DC-CE4A2DEFE37F}.Debug|Any CPU.Build.0 = Debug|Any CPU
		{1323FC15-BF9D-45CE-B5DC-CE4A2DEFE37F}.Release|Any CPU.ActiveCfg = Release|Any CPU
		{1323FC15-BF9D-45CE-B5DC-CE4A2DEFE37F}.Release|Any CPU.Build.0 = Release|Any CPU
	EndGlobalSection
	GlobalSection(SolutionProperties) = preSolution
		HideSolutionNode = FALSE
	EndGlobalSection
	GlobalSection(ExtensibilityGlobals) = postSolution
		SolutionGuid = {2883E0A2-E27B-414F-9682-7BFCAA7B64F5}
	EndGlobalSection
EndGlobal
