
Microsoft Visual Studio Solution File, Format Version 12.00
# Visual Studio Version 17
VisualStudioVersion = 17.4.33213.308
MinimumVisualStudioVersion = 10.0.40219.1
Project("{FAE04EC0-301F-11D3-BF4B-00C04F79EFBC}") = "TiendaMascotas", "TiendaMascotas\TiendaMascotas.csproj", "{28AA8F24-2A27-4869-8C08-8A4CD15B382B}"
EndProject
Global
	GlobalSection(SolutionConfigurationPlatforms) = preSolution
		Debug|Any CPU = Debug|Any CPU
		Release|Any CPU = Release|Any CPU
	EndGlobalSection
	GlobalSection(ProjectConfigurationPlatforms) = postSolution
		{28AA8F24-2A27-4869-8C08-8A4CD15B382B}.Debug|Any CPU.ActiveCfg = Debug|Any CPU
		{28AA8F24-2A27-4869-8C08-8A4CD15B382B}.Debug|Any CPU.Build.0 = Debug|Any CPU
		{28AA8F24-2A27-4869-8C08-8A4CD15B382B}.Release|Any CPU.ActiveCfg = Release|Any CPU
		{28AA8F24-2A27-4869-8C08-8A4CD15B382B}.Release|Any CPU.Build.0 = Release|Any CPU
	EndGlobalSection
	GlobalSection(SolutionProperties) = preSolution
		HideSolutionNode = FALSE
	EndGlobalSection
	GlobalSection(ExtensibilityGlobals) = postSolution
		SolutionGuid = {40649814-75C5-4980-829E-15282937D0E2}
	EndGlobalSection
EndGlobal
